// !$*UTF8*$!
{
	archiveVersion = 1;
	classes = {
	};
	objectVersion = 55;
	objects = {

/* Begin PBXBuildFile section */
		A667E0EA277C5716005D546D /* AppDelegate.swift in Sources */ = {isa = PBXBuildFile; fileRef = A667E0E9277C5716005D546D /* AppDelegate.swift */; };
		A667E0EC277C5716005D546D /* SceneDelegate.swift in Sources */ = {isa = PBXBuildFile; fileRef = A667E0EB277C5716005D546D /* SceneDelegate.swift */; };
		A667E0EE277C5716005D546D /* ViewController.swift in Sources */ = {isa = PBXBuildFile; fileRef = A667E0ED277C5716005D546D /* ViewController.swift */; };
		A667E0F1277C5716005D546D /* Main.storyboard in Resources */ = {isa = PBXBuildFile; fileRef = A667E0EF277C5716005D546D /* Main.storyboard */; };
		A667E0F3277C5718005D546D /* Assets.xcassets in Resources */ = {isa = PBXBuildFile; fileRef = A667E0F2277C5718005D546D /* Assets.xcassets */; };
		A667E0F6277C5718005D546D /* LaunchScreen.storyboard in Resources */ = {isa = PBXBuildFile; fileRef = A667E0F4277C5718005D546D /* LaunchScreen.storyboard */; };
		A667E0FF277C5887005D546D /* GoogleBookTableViewCell.swift in Sources */ = {isa = PBXBuildFile; fileRef = A667E0FD277C5887005D546D /* GoogleBookTableViewCell.swift */; };
		A667E100277C5887005D546D /* GoogleBookTableViewCell.xib in Resources */ = {isa = PBXBuildFile; fileRef = A667E0FE277C5887005D546D /* GoogleBookTableViewCell.xib */; };
		A667E102277C5EB1005D546D /* GoogleApiBook.swift in Sources */ = {isa = PBXBuildFile; fileRef = A667E101277C5EB1005D546D /* GoogleApiBook.swift */; };
/* End PBXBuildFile section */

/* Begin PBXFileReference section */
		A667E0E6277C5716005D546D /* googleBookApi.app */ = {isa = PBXFileReference; explicitFileType = wrapper.application; includeInIndex = 0; path = googleBookApi.app; sourceTree = BUILT_PRODUCTS_DIR; };
		A667E0E9277C5716005D546D /* AppDelegate.swift */ = {isa = PBXFileReference; lastKnownFileType = sourcecode.swift; path = AppDelegate.swift; sourceTree = "<group>"; };
		A667E0EB277C5716005D546D /* SceneDelegate.swift */ = {isa = PBXFileReference; lastKnownFileType = sourcecode.swift; path = SceneDelegate.swift; sourceTree = "<group>"; };
		A667E0ED277C5716005D546D /* ViewController.swift */ = {isa = PBXFileReference; lastKnownFileType = sourcecode.swift; path = ViewController.swift; sourceTree = "<group>"; };
		A667E0F0277C5716005D546D /* Base */ = {isa = PBXFileReference; lastKnownFileType = file.storyboard; name = Base; path = Base.lproj/Main.storyboard; sourceTree = "<group>"; };
		A667E0F2277C5718005D546D /* Assets.xcassets */ = {isa = PBXFileReference; lastKnownFileType = folder.assetcatalog; path = Assets.xcassets; sourceTree = "<group>"; };
		A667E0F5277C5718005D546D /* Base */ = {isa = PBXFileReference; lastKnownFileType = file.storyboard; name = Base; path = Base.lproj/LaunchScreen.storyboard; sourceTree = "<group>"; };
		A667E0F7277C5718005D546D /* Info.plist */ = {isa = PBXFileReference; lastKnownFileType = text.plist.xml; path = Info.plist; sourceTree = "<group>"; };
		A667E0FD277C5887005D546D /* GoogleBookTableViewCell.swift */ = {isa = PBXFileReference; lastKnownFileType = sourcecode.swift; path = GoogleBookTableViewCell.swift; sourceTree = "<group>"; };
		A667E0FE277C5887005D546D /* GoogleBookTableViewCell.xib */ = {isa = PBXFileReference; lastKnownFileType = file.xib; path = GoogleBookTableViewCell.xib; sourceTree = "<group>"; };
		A667E101277C5EB1005D546D /* GoogleApiBook.swift */ = {isa = PBXFileReference; lastKnownFileType = sourcecode.swift; path = GoogleApiBook.swift; sourceTree = "<group>"; };
/* End PBXFileReference section */

/* Begin PBXFrameworksBuildPhase section */
		A667E0E3277C5716005D546D /* Frameworks */ = {
			isa = PBXFrameworksBuildPhase;
			buildActionMask = 2147483647;
			files = (
			);
			runOnlyForDeploymentPostprocessing = 0;
		};
/* End PBXFrameworksBuildPhase section */

/* Begin PBXGroup section */
		A667E0DD277C5716005D546D = {
			isa = PBXGroup;
			children = (
				A667E0E8277C5716005D546D /* googleBookApi */,
				A667E0E7277C5716005D546D /* Products */,
			);
			sourceTree = "<group>";
		};
		A667E0E7277C5716005D546D /* Products */ = {
			isa = PBXGroup;
			children = (
				A667E0E6277C5716005D546D /* googleBookApi.app */,
			);
			name = Products;
			sourceTree = "<group>";
		};
		A667E0E8277C5716005D546D /* googleBookApi */ = {
			isa = PBXGroup;
			children = (
				A667E0E9277C5716005D546D /* AppDelegate.swift */,
				A667E0EB277C5716005D546D /* SceneDelegate.swift */,
				A667E0ED277C5716005D546D /* ViewController.swift */,
				A667E0EF277C5716005D546D /* Main.storyboard */,
				A667E0F2277C5718005D546D /* Assets.xcassets */,
				A667E0F4277C5718005D546D /* LaunchScreen.storyboard */,
				A667E0F7277C5718005D546D /* Info.plist */,
				A667E0FD277C5887005D546D /* GoogleBookTableViewCell.swift */,
				A667E0FE277C5887005D546D /* GoogleBookTableViewCell.xib */,
				A667E101277C5EB1005D546D /* GoogleApiBook.swift */,
			);
			path = googleBookApi;
			sourceTree = "<group>";
		};
/* End PBXGroup section */

/* Begin PBXNativeTarget section */
		A667E0E5277C5716005D546D /* googleBookApi */ = {
			isa = PBXNativeTarget;
			buildConfigurationList = A667E0FA277C5718005D546D /* Build configuration list for PBXNativeTarget "googleBookApi" */;
			buildPhases = (
				A667E0E2277C5716005D546D /* Sources */,
				A667E0E3277C5716005D546D /* Frameworks */,
				A667E0E4277C5716005D546D /* Resources */,
			);
			buildRules = (
			);
			dependencies = (
			);
			name = googleBookApi;
			productName = googleBookApi;
			productReference = A667E0E6277C5716005D546D /* googleBookApi.app */;
			productType = "com.apple.product-type.application";
		};
/* End PBXNativeTarget section */

/* Begin PBXProject section */
		A667E0DE277C5716005D546D /* Project object */ = {
			isa = PBXProject;
			attributes = {
				BuildIndependentTargetsInParallel = 1;
				LastSwiftUpdateCheck = 1310;
				LastUpgradeCheck = 1310;
				TargetAttributes = {
					A667E0E5277C5716005D546D = {
						CreatedOnToolsVersion = 13.1;
					};
				};
			};
			buildConfigurationList = A667E0E1277C5716005D546D /* Build configuration list for PBXProject "googleBookApi" */;
			compatibilityVersion = "Xcode 13.0";
			developmentRegion = en;
			hasScannedForEncodings = 0;
			knownRegions = (
				en,
				Base,
			);
			mainGroup = A667E0DD277C5716005D546D;
			productRefGroup = A667E0E7277C5716005D546D /* Products */;
			projectDirPath = "";
			projectRoot = "";
			targets = (
				A667E0E5277C5716005D546D /* googleBookApi */,
			);
		};
/* End PBXProject section */

/* Begin PBXResourcesBuildPhase section */
		A667E0E4277C5716005D546D /* Resources */ = {
			isa = PBXResourcesBuildPhase;
			buildActionMask = 2147483647;
			files = (
				A667E0F6277C5718005D546D /* LaunchScreen.storyboard in Resources */,
				A667E0F3277C5718005D546D /* Assets.xcassets in Resources */,
				A667E0F1277C5716005D546D /* Main.storyboard in Resources */,
				A667E100277C5887005D546D /* GoogleBookTableViewCell.xib in Resources */,
			);
			runOnlyForDeploymentPostprocessing = 0;
		};
/* End PBXResourcesBuildPhase section */

/* Begin PBXSourcesBuildPhase section */
		A667E0E2277C5716005D546D /* Sources */ = {
			isa = PBXSourcesBuildPhase;
			buildActionMask = 2147483647;
			files = (
				A667E0EE277C5716005D546D /* ViewController.swift in Sources */,
				A667E0EA277C5716005D546D /* AppDelegate.swift in Sources */,
				A667E0EC277C5716005D546D /* SceneDelegate.swift in Sources */,
				A667E102277C5EB1005D546D /* GoogleApiBook.swift in Sources */,
				A667E0FF277C5887005D546D /* GoogleBookTableViewCell.swift in Sources */,
			);
			runOnlyForDeploymentPostprocessing = 0;
		};
/* End PBXSourcesBuildPhase section */

/* Begin PBXVariantGroup section */
		A667E0EF277C5716005D546D /* Main.storyboard */ = {
			isa = PBXVariantGroup;
			children = (
				A667E0F0277C5716005D546D /* Base */,
			);
			name = Main.storyboard;
			sourceTree = "<group>";
		};
		A667E0F4277C5718005D546D /* LaunchScreen.storyboard */ = {
			isa = PBXVariantGroup;
			children = (
				A667E0F5277C5718005D546D /* Base */,
			);
			name = LaunchScreen.storyboard;
			sourceTree = "<group>";
		};
/* End PBXVariantGroup section */

/* Begin XCBuildConfiguration section */
		A667E0F8277C5718005D546D /* Debug */ = {
			isa = XCBuildConfiguration;
			buildSettings = {
				ALWAYS_SEARCH_USER_PATHS = NO;
				CLANG_ANALYZER_NONNULL = YES;
				CLANG_ANALYZER_NUMBER_OBJECT_CONVERSION = YES_AGGRESSIVE;
				CLANG_CXX_LANGUAGE_STANDARD = "gnu++17";
				CLANG_CXX_LIBRARY = "libc++";
				CLANG_ENABLE_MODULES = YES;
				CLANG_ENABLE_OBJC_ARC = YES;
				CLANG_ENABLE_OBJC_WEAK = YES;
				CLANG_WARN_BLOCK_CAPTURE_AUTORELEASING = YES;
				CLANG_WARN_BOOL_CONVERSION = YES;
				CLANG_WARN_COMMA = YES;
				CLANG_WARN_CONSTANT_CONVERSION = YES;
				CLANG_WARN_DEPRECATED_OBJC_IMPLEMENTATIONS = YES;
				CLANG_WARN_DIRECT_OBJC_ISA_USAGE = YES_ERROR;
				CLANG_WARN_DOCUMENTATION_COMMENTS = YES;
				CLANG_WARN_EMPTY_BODY = YES;
				CLANG_WARN_ENUM_CONVERSION = YES;
				CLANG_WARN_INFINITE_RECURSION = YES;
				CLANG_WARN_INT_CONVERSION = YES;
				CLANG_WARN_NON_LITERAL_NULL_CONVERSION = YES;
				CLANG_WARN_OBJC_IMPLICIT_RETAIN_SELF = YES;
				CLANG_WARN_OBJC_LITERAL_CONVERSION = YES;
				CLANG_WARN_OBJC_ROOT_CLASS = YES_ERROR;
				CLANG_WARN_QUOTED_INCLUDE_IN_FRAMEWORK_HEADER = YES;
				CLANG_WARN_RANGE_LOOP_ANALYSIS = YES;
				CLANG_WARN_STRICT_PROTOTYPES = YES;
				CLANG_WARN_SUSPICIOUS_MOVE = YES;
				CLANG_WARN_UNGUARDED_AVAILABILITY = YES_AGGRESSIVE;
				CLANG_WARN_UNREACHABLE_CODE = YES;
				CLANG_WARN__DUPLICATE_METHOD_MATCH = YES;
				COPY_PHASE_STRIP = NO;
				DEBUG_INFORMATION_FORMAT = dwarf;
				ENABLE_STRICT_OBJC_MSGSEND = YES;
				ENABLE_TESTABILITY = YES;
				GCC_C_LANGUAGE_STANDARD = gnu11;
				GCC_DYNAMIC_NO_PIC = NO;
				GCC_NO_COMMON_BLOCKS = YES;
				GCC_OPTIMIZATION_LEVEL = 0;
				GCC_PREPROCESSOR_DEFINITIONS = (
					"DEBUG=1",
					"$(inherited)",
				);
				GCC_WARN_64_TO_32_BIT_CONVERSION = YES;
				GCC_WARN_ABOUT_RETURN_TYPE = YES_ERROR;
				GCC_WARN_UNDECLARED_SELECTOR = YES;
				GCC_WARN_UNINITIALIZED_AUTOS = YES_AGGRESSIVE;
				GCC_WARN_UNUSED_FUNCTION = YES;
				GCC_WARN_UNUSED_VARIABLE = YES;
				IPHONEOS_DEPLOYMENT_TARGET = 15.0;
				MTL_ENABLE_DEBUG_INFO = INCLUDE_SOURCE;
				MTL_FAST_MATH = YES;
				ONLY_ACTIVE_ARCH = YES;
				SDKROOT = iphoneos;
				SWIFT_ACTIVE_COMPILATION_CONDITIONS = DEBUG;
				SWIFT_OPTIMIZATION_LEVEL = "-Onone";
			};
			name = Debug;
		};
		A667E0F9277C5718005D546D /* Release */ = {
			isa = XCBuildConfiguration;
			buildSettings = {
				ALWAYS_SEARCH_USER_PATHS = NO;
				CLANG_ANALYZER_NONNULL = YES;
				CLANG_ANALYZER_NUMBER_OBJECT_CONVERSION = YES_AGGRESSIVE;
				CLANG_CXX_LANGUAGE_STANDARD = "gnu++17";
				CLANG_CXX_LIBRARY = "libc++";
				CLANG_ENABLE_MODULES = YES;
				CLANG_ENABLE_OBJC_ARC = YES;
				CLANG_ENABLE_OBJC_WEAK = YES;
				CLANG_WARN_BLOCK_CAPTURE_AUTORELEASING = YES;
				CLANG_WARN_BOOL_CONVERSION = YES;
				CLANG_WARN_COMMA = YES;
				CLANG_WARN_CONSTANT_CONVERSION = YES;
				CLANG_WARN_DEPRECATED_OBJC_IMPLEMENTATIONS = YES;
				CLANG_WARN_DIRECT_OBJC_ISA_USAGE = YES_ERROR;
				CLANG_WARN_DOCUMENTATION_COMMENTS = YES;
				CLANG_WARN_EMPTY_BODY = YES;
				CLANG_WARN_ENUM_CONVERSION = YES;
				CLANG_WARN_INFINITE_RECURSION = YES;
				CLANG_WARN_INT_CONVERSION = YES;
				CLANG_WARN_NON_LITERAL_NULL_CONVERSION = YES;
				CLANG_WARN_OBJC_IMPLICIT_RETAIN_SELF = YES;
				CLANG_WARN_OBJC_LITERAL_CONVERSION = YES;
				CLANG_WARN_OBJC_ROOT_CLASS = YES_ERROR;
				CLANG_WARN_QUOTED_INCLUDE_IN_FRAMEWORK_HEADER = YES;
				CLANG_WARN_RANGE_LOOP_ANALYSIS = YES;
				CLANG_WARN_STRICT_PROTOTYPES = YES;
				CLANG_WARN_SUSPICIOUS_MOVE = YES;
				CLANG_WARN_UNGUARDED_AVAILABILITY = YES_AGGRESSIVE;
				CLANG_WARN_UNREACHABLE_CODE = YES;
				CLANG_WARN__DUPLICATE_METHOD_MATCH = YES;
				COPY_PHASE_STRIP = NO;
				DEBUG_INFORMATION_FORMAT = "dwarf-with-dsym";
				ENABLE_NS_ASSERTIONS = NO;
				ENABLE_STRICT_OBJC_MSGSEND = YES;
				GCC_C_LANGUAGE_STANDARD = gnu11;
				GCC_NO_COMMON_BLOCKS = YES;
				GCC_WARN_64_TO_32_BIT_CONVERSION = YES;
				GCC_WARN_ABOUT_RETURN_TYPE = YES_ERROR;
				GCC_WARN_UNDECLARED_SELECTOR = YES;
				GCC_WARN_UNINITIALIZED_AUTOS = YES_AGGRESSIVE;
				GCC_WARN_UNUSED_FUNCTION = YES;
				GCC_WARN_UNUSED_VARIABLE = YES;
				IPHONEOS_DEPLOYMENT_TARGET = 15.0;
				MTL_ENABLE_DEBUG_INFO = NO;
				MTL_FAST_MATH = YES;
				SDKROOT = iphoneos;
				SWIFT_COMPILATION_MODE = wholemodule;
				SWIFT_OPTIMIZATION_LEVEL = "-O";
				VALIDATE_PRODUCT = YES;
			};
			name = Release;
		};
		A667E0FB277C5718005D546D /* Debug */ = {
			isa = XCBuildConfiguration;
			buildSettings = {
				ASSETCATALOG_COMPILER_APPICON_NAME = AppIcon;
				ASSETCATALOG_COMPILER_GLOBAL_ACCENT_COLOR_NAME = AccentColor;
				CODE_SIGN_STYLE = Automatic;
				CURRENT_PROJECT_VERSION = 1;
				DEVELOPMENT_TEAM = 89R9K4QY9R;
				GENERATE_INFOPLIST_FILE = YES;
				INFOPLIST_FILE = googleBookApi/Info.plist;
				INFOPLIST_KEY_UIApplicationSupportsIndirectInputEvents = YES;
				INFOPLIST_KEY_UILaunchStoryboardName = LaunchScreen;
				INFOPLIST_KEY_UIMainStoryboardFile = Main;
				INFOPLIST_KEY_UISupportedInterfaceOrientations_iPad = "UIInterfaceOrientationPortrait UIInterfaceOrientationPortraitUpsideDown UIInterfaceOrientationLandscapeLeft UIInterfaceOrientationLandscapeRight";
				INFOPLIST_KEY_UISupportedInterfaceOrientations_iPhone = "UIInterfaceOrientationPortrait UIInterfaceOrientationLandscapeLeft UIInterfaceOrientationLandscapeRight";
				LD_RUNPATH_SEARCH_PATHS = (
					"$(inherited)",
					"@executable_path/Frameworks",
				);
				MARKETING_VERSION = 1.0;
				PRODUCT_BUNDLE_IDENTIFIER = com.lvp.googleBookApi;
				PRODUCT_NAME = "$(TARGET_NAME)";
				SWIFT_EMIT_LOC_STRINGS = YES;
				SWIFT_VERSION = 5.0;
				TARGETED_DEVICE_FAMILY = "1,2";
			};
			name = Debug;
		};
		A667E0FC277C5718005D546D /* Release */ = {
			isa = XCBuildConfiguration;
			buildSettings = {
				ASSETCATALOG_COMPILER_APPICON_NAME = AppIcon;
				ASSETCATALOG_COMPILER_GLOBAL_ACCENT_COLOR_NAME = AccentColor;
				CODE_SIGN_STYLE = Automatic;
				CURRENT_PROJECT_VERSION = 1;
				DEVELOPMENT_TEAM = 89R9K4QY9R;
				GENERATE_INFOPLIST_FILE = YES;
				INFOPLIST_FILE = googleBookApi/Info.plist;
				INFOPLIST_KEY_UIApplicationSupportsIndirectInputEvents = YES;
				INFOPLIST_KEY_UILaunchStoryboardName = LaunchScreen;
				INFOPLIST_KEY_UIMainStoryboardFile = Main;
				INFOPLIST_KEY_UISupportedInterfaceOrientations_iPad = "UIInterfaceOrientationPortrait UIInterfaceOrientationPortraitUpsideDown UIInterfaceOrientationLandscapeLeft UIInterfaceOrientationLandscapeRight";
				INFOPLIST_KEY_UISupportedInterfaceOrientations_iPhone = "UIInterfaceOrientationPortrait UIInterfaceOrientationLandscapeLeft UIInterfaceOrientationLandscapeRight";
				LD_RUNPATH_SEARCH_PATHS = (
					"$(inherited)",
					"@executable_path/Frameworks",
				);
				MARKETING_VERSION = 1.0;
				PRODUCT_BUNDLE_IDENTIFIER = com.lvp.googleBookApi;
				PRODUCT_NAME = "$(TARGET_NAME)";
				SWIFT_EMIT_LOC_STRINGS = YES;
				SWIFT_VERSION = 5.0;
				TARGETED_DEVICE_FAMILY = "1,2";
			};
			name = Release;
		};
/* End XCBuildConfiguration section */

/* Begin XCConfigurationList section */
		A667E0E1277C5716005D546D /* Build configuration list for PBXProject "googleBookApi" */ = {
			isa = XCConfigurationList;
			buildConfigurations = (
				A667E0F8277C5718005D546D /* Debug */,
				A667E0F9277C5718005D546D /* Release */,
			);
			defaultConfigurationIsVisible = 0;
			defaultConfigurationName = Release;
		};
		A667E0FA277C5718005D546D /* Build configuration list for PBXNativeTarget "googleBookApi" */ = {
			isa = XCConfigurationList;
			buildConfigurations = (
				A667E0FB277C5718005D546D /* Debug */,
				A667E0FC277C5718005D546D /* Release */,
			);
			defaultConfigurationIsVisible = 0;
			defaultConfigurationName = Release;
		};
/* End XCConfigurationList section */
	};
	rootObject = A667E0DE277C5716005D546D /* Project object */;
}
